
Microsoft Visual Studio Solution File, Format Version 12.00
# Visual Studio 15
VisualStudioVersion = 15.0.27428.2043
MinimumVisualStudioVersion = 10.0.40219.1
Project("{FAE04EC0-301F-11D3-BF4B-00C04F79EFBC}") = "FashionAnalyzer", "FashionAnalyzer\FashionAnalyzer.csproj", "{76B684EB-EDDE-4049-B0EF-679DDBF40175}"
EndProject
Project("{FAE04EC0-301F-11D3-BF4B-00C04F79EFBC}") = "FashionAnalyzer.Tests", "FashionAnalyzer.Tests\FashionAnalyzer.Tests.csproj", "{5DFF0D7C-917B-4DFF-A99F-4370AA24EA88}"
EndProject
Global
	GlobalSection(SolutionConfigurationPlatforms) = preSolution
		Debug|Any CPU = Debug|Any CPU
		Release|Any CPU = Release|Any CPU
	EndGlobalSection
	GlobalSection(ProjectConfigurationPlatforms) = postSolution
		{76B684EB-EDDE-4049-B0EF-679DDBF40175}.Debug|Any CPU.ActiveCfg = Debug|Any CPU
		{76B684EB-EDDE-4049-B0EF-679DDBF40175}.Debug|Any CPU.Build.0 = Debug|Any CPU
		{76B684EB-EDDE-4049-B0EF-679DDBF40175}.Release|Any CPU.ActiveCfg = Release|Any CPU
		{76B684EB-EDDE-4049-B0EF-679DDBF40175}.Release|Any CPU.Build.0 = Release|Any CPU
		{5DFF0D7C-917B-4DFF-A99F-4370AA24EA88}.Debug|Any CPU.ActiveCfg = Debug|Any CPU
		{5DFF0D7C-917B-4DFF-A99F-4370AA24EA88}.Debug|Any CPU.Build.0 = Debug|Any CPU
		{5DFF0D7C-917B-4DFF-A99F-4370AA24EA88}.Release|Any CPU.ActiveCfg = Release|Any CPU
		{5DFF0D7C-917B-4DFF-A99F-4370AA24EA88}.Release|Any CPU.Build.0 = Release|Any CPU
	EndGlobalSection
	GlobalSection(SolutionProperties) = preSolution
		HideSolutionNode = FALSE
	EndGlobalSection
	GlobalSection(ExtensibilityGlobals) = postSolution
		SolutionGuid = {5FA3CAB7-7EED-4FC2-8B84-2F64FF4E3915}
	EndGlobalSection
EndGlobal
